
Microsoft Visual Studio Solution File, Format Version 12.00
# Visual Studio Version 17
VisualStudioVersion = 17.0.31903.59
MinimumVisualStudioVersion = 10.0.40219.1
Project("{FAE04EC0-301F-11D3-BF4B-00C04F79EFBC}") = "WebStore.DAL", "WebStore.DAL\WebStore.DAL.csproj", "{9DAEA086-F277-42A4-993B-059BB757ED23}"
EndProject
Project("{FAE04EC0-301F-11D3-BF4B-00C04F79EFBC}") = "WebStore.Model", "WebStore.Model\WebStore.Model.csproj", "{16918840-0D4A-4EF6-AA64-4E87D99DEB89}"
EndProject
Project("{FAE04EC0-301F-11D3-BF4B-00C04F79EFBC}") = "WebStore.Services", "WebStore.Services\WebStore.Services.csproj", "{D4E7442F-F13B-4CBA-AC17-21B85C2E1777}"
EndProject
Project("{FAE04EC0-301F-11D3-BF4B-00C04F79EFBC}") = "WebStore.ViewModels", "WebStore.ViewModels\WebStore.ViewModels.csproj", "{CD26B392-7832-4B16-8741-E54EEA67931F}"
EndProject
Project("{FAE04EC0-301F-11D3-BF4B-00C04F79EFBC}") = "WebStore.Web", "WebStore.Web\WebStore.Web.csproj", "{C95F7349-FE6C-47A4-9BB9-E5F0C39E7035}"
EndProject
Project("{FAE04EC0-301F-11D3-BF4B-00C04F79EFBC}") = "WebStore.Tests", "WebStore.Tests\WebStore.Tests.csproj", "{79CD0FD3-17C9-4D3C-8262-F842AE76BCEF}"
EndProject
Global
	GlobalSection(SolutionConfigurationPlatforms) = preSolution
		Debug|Any CPU = Debug|Any CPU
		Release|Any CPU = Release|Any CPU
	EndGlobalSection
	GlobalSection(SolutionProperties) = preSolution
		HideSolutionNode = FALSE
	EndGlobalSection
	GlobalSection(ProjectConfigurationPlatforms) = postSolution
		{9DAEA086-F277-42A4-993B-059BB757ED23}.Debug|Any CPU.ActiveCfg = Debug|Any CPU
		{9DAEA086-F277-42A4-993B-059BB757ED23}.Debug|Any CPU.Build.0 = Debug|Any CPU
		{9DAEA086-F277-42A4-993B-059BB757ED23}.Release|Any CPU.ActiveCfg = Release|Any CPU
		{9DAEA086-F277-42A4-993B-059BB757ED23}.Release|Any CPU.Build.0 = Release|Any CPU
		{16918840-0D4A-4EF6-AA64-4E87D99DEB89}.Debug|Any CPU.ActiveCfg = Debug|Any CPU
		{16918840-0D4A-4EF6-AA64-4E87D99DEB89}.Debug|Any CPU.Build.0 = Debug|Any CPU
		{16918840-0D4A-4EF6-AA64-4E87D99DEB89}.Release|Any CPU.ActiveCfg = Release|Any CPU
		{16918840-0D4A-4EF6-AA64-4E87D99DEB89}.Release|Any CPU.Build.0 = Release|Any CPU
		{D4E7442F-F13B-4CBA-AC17-21B85C2E1777}.Debug|Any CPU.ActiveCfg = Debug|Any CPU
		{D4E7442F-F13B-4CBA-AC17-21B85C2E1777}.Debug|Any CPU.Build.0 = Debug|Any CPU
		{D4E7442F-F13B-4CBA-AC17-21B85C2E1777}.Release|Any CPU.ActiveCfg = Release|Any CPU
		{D4E7442F-F13B-4CBA-AC17-21B85C2E1777}.Release|Any CPU.Build.0 = Release|Any CPU
		{CD26B392-7832-4B16-8741-E54EEA67931F}.Debug|Any CPU.ActiveCfg = Debug|Any CPU
		{CD26B392-7832-4B16-8741-E54EEA67931F}.Debug|Any CPU.Build.0 = Debug|Any CPU
		{CD26B392-7832-4B16-8741-E54EEA67931F}.Release|Any CPU.ActiveCfg = Release|Any CPU
		{CD26B392-7832-4B16-8741-E54EEA67931F}.Release|Any CPU.Build.0 = Release|Any CPU
		{C95F7349-FE6C-47A4-9BB9-E5F0C39E7035}.Debug|Any CPU.ActiveCfg = Debug|Any CPU
		{C95F7349-FE6C-47A4-9BB9-E5F0C39E7035}.Debug|Any CPU.Build.0 = Debug|Any CPU
		{C95F7349-FE6C-47A4-9BB9-E5F0C39E7035}.Release|Any CPU.ActiveCfg = Release|Any CPU
		{C95F7349-FE6C-47A4-9BB9-E5F0C39E7035}.Release|Any CPU.Build.0 = Release|Any CPU
		{79CD0FD3-17C9-4D3C-8262-F842AE76BCEF}.Debug|Any CPU.ActiveCfg = Debug|Any CPU
		{79CD0FD3-17C9-4D3C-8262-F842AE76BCEF}.Debug|Any CPU.Build.0 = Debug|Any CPU
		{79CD0FD3-17C9-4D3C-8262-F842AE76BCEF}.Release|Any CPU.ActiveCfg = Release|Any CPU
		{79CD0FD3-17C9-4D3C-8262-F842AE76BCEF}.Release|Any CPU.Build.0 = Release|Any CPU
	EndGlobalSection
EndGlobal
